
Microsoft Visual Studio Solution File, Format Version 12.00
# Visual Studio Version 17
VisualStudioVersion = 17.8.34408.163
MinimumVisualStudioVersion = 10.0.40219.1
Project("{FAE04EC0-301F-11D3-BF4B-00C04F79EFBC}") = "Vista", "Vista\Vista.csproj", "{CF290984-1DA1-47E4-8283-9A9633B297C3}"
EndProject
Global
	GlobalSection(SolutionConfigurationPlatforms) = preSolution
		Debug|Any CPU = Debug|Any CPU
		Release|Any CPU = Release|Any CPU
	EndGlobalSection
	GlobalSection(ProjectConfigurationPlatforms) = postSolution
		{CF290984-1DA1-47E4-8283-9A9633B297C3}.Debug|Any CPU.ActiveCfg = Debug|Any CPU
		{CF290984-1DA1-47E4-8283-9A9633B297C3}.Debug|Any CPU.Build.0 = Debug|Any CPU
		{CF290984-1DA1-47E4-8283-9A9633B297C3}.Release|Any CPU.ActiveCfg = Release|Any CPU
		{CF290984-1DA1-47E4-8283-9A9633B297C3}.Release|Any CPU.Build.0 = Release|Any CPU
	EndGlobalSection
	GlobalSection(SolutionProperties) = preSolution
		HideSolutionNode = FALSE
	EndGlobalSection
	GlobalSection(ExtensibilityGlobals) = postSolution
		SolutionGuid = {17C74D3E-7547-4DB6-B7F2-BB8D455AB4DE}
	EndGlobalSection
EndGlobal
